
Microsoft Visual Studio Solution File, Format Version 12.00
# Visual Studio 15
VisualStudioVersion = 15.0.28010.2046
MinimumVisualStudioVersion = 10.0.40219.1
Project("{FAE04EC0-301F-11D3-BF4B-00C04F79EFBC}") = "ShellShockWindow", "ShellShockWindow\ShellShockWindow.csproj", "{D6F5C073-9F5E-413A-8581-3FBF89BFA96D}"
EndProject
Project("{54435603-DBB4-11D2-8724-00A0C9A8B90C}") = "Installer", "Installer\Installer.vdproj", "{3238FCA1-20B5-47D8-8B74-BCA5E151B0A1}"
EndProject
Project("{FAE04EC0-301F-11D3-BF4B-00C04F79EFBC}") = "ShellShockAI", "ShellShockAI\ShellShockAI.csproj", "{0D9EAC55-A9D6-48D2-B07B-835AED2D1CBC}"
EndProject
Project("{FAE04EC0-301F-11D3-BF4B-00C04F79EFBC}") = "ShellShockWindowTests", "ShellShockWindowTests\ShellShockWindowTests.csproj", "{A5E02213-5C0F-4CC3-8E21-140418377C62}"
EndProject
Global
	GlobalSection(SolutionConfigurationPlatforms) = preSolution
		Debug|Any CPU = Debug|Any CPU
		Release|Any CPU = Release|Any CPU
	EndGlobalSection
	GlobalSection(ProjectConfigurationPlatforms) = postSolution
		{D6F5C073-9F5E-413A-8581-3FBF89BFA96D}.Debug|Any CPU.ActiveCfg = Release|Any CPU
		{D6F5C073-9F5E-413A-8581-3FBF89BFA96D}.Debug|Any CPU.Build.0 = Release|Any CPU
		{D6F5C073-9F5E-413A-8581-3FBF89BFA96D}.Release|Any CPU.ActiveCfg = Release|Any CPU
		{D6F5C073-9F5E-413A-8581-3FBF89BFA96D}.Release|Any CPU.Build.0 = Release|Any CPU
		{3238FCA1-20B5-47D8-8B74-BCA5E151B0A1}.Debug|Any CPU.ActiveCfg = Release
		{3238FCA1-20B5-47D8-8B74-BCA5E151B0A1}.Debug|Any CPU.Build.0 = Release
		{3238FCA1-20B5-47D8-8B74-BCA5E151B0A1}.Release|Any CPU.ActiveCfg = Release
		{0D9EAC55-A9D6-48D2-B07B-835AED2D1CBC}.Debug|Any CPU.ActiveCfg = Debug|Any CPU
		{0D9EAC55-A9D6-48D2-B07B-835AED2D1CBC}.Debug|Any CPU.Build.0 = Debug|Any CPU
		{0D9EAC55-A9D6-48D2-B07B-835AED2D1CBC}.Release|Any CPU.ActiveCfg = Release|Any CPU
		{0D9EAC55-A9D6-48D2-B07B-835AED2D1CBC}.Release|Any CPU.Build.0 = Release|Any CPU
		{A5E02213-5C0F-4CC3-8E21-140418377C62}.Debug|Any CPU.ActiveCfg = Debug|Any CPU
		{A5E02213-5C0F-4CC3-8E21-140418377C62}.Debug|Any CPU.Build.0 = Debug|Any CPU
		{A5E02213-5C0F-4CC3-8E21-140418377C62}.Release|Any CPU.ActiveCfg = Release|Any CPU
		{A5E02213-5C0F-4CC3-8E21-140418377C62}.Release|Any CPU.Build.0 = Release|Any CPU
	EndGlobalSection
	GlobalSection(SolutionProperties) = preSolution
		HideSolutionNode = FALSE
	EndGlobalSection
	GlobalSection(ExtensibilityGlobals) = postSolution
		SolutionGuid = {C38D15E5-28C6-4281-A28B-A006B64E10C9}
	EndGlobalSection
EndGlobal
